// !$*UTF8*$!
{
	archiveVersion = 1;
	classes = {
	};
	objectVersion = 46;
	objects = {

/* Begin PBXBuildFile section */
		4202E5491B52724600F48997 /* main.cpp in Sources */ = {isa = PBXBuildFile; fileRef = 4202E5481B52724600F48997 /* main.cpp */; };
/* End PBXBuildFile section */

/* Begin PBXCopyFilesBuildPhase section */
		4202E5431B52724600F48997 /* CopyFiles */ = {
			isa = PBXCopyFilesBuildPhase;
			buildActionMask = 2147483647;
			dstPath = /usr/share/man/man1/;
			dstSubfolderSpec = 0;
			files = (
			);
			runOnlyForDeploymentPostprocessing = 1;
		};
/* End PBXCopyFilesBuildPhase section */

/* Begin PBXFileReference section */
		4202E5451B52724600F48997 /* ImplementQueueUsingStacks */ = {isa = PBXFileReference; explicitFileType = "compiled.mach-o.executable"; includeInIndex = 0; path = ImplementQueueUsingStacks; sourceTree = BUILT_PRODUCTS_DIR; };
		4202E5481B52724600F48997 /* main.cpp */ = {isa = PBXFileReference; lastKnownFileType = sourcecode.cpp.cpp; path = main.cpp; sourceTree = "<group>"; };
		4202E54F1B52725C00F48997 /* TheQueue.h */ = {isa = PBXFileReference; lastKnownFileType = sourcecode.c.h; path = TheQueue.h; sourceTree = "<group>"; };
/* End PBXFileReference section */

/* Begin PBXFrameworksBuildPhase section */
		4202E5421B52724600F48997 /* Frameworks */ = {
			isa = PBXFrameworksBuildPhase;
			buildActionMask = 2147483647;
			files = (
			);
			runOnlyForDeploymentPostprocessing = 0;
		};
/* End PBXFrameworksBuildPhase section */

/* Begin PBXGroup section */
		4202E53C1B52724600F48997 = {
			isa = PBXGroup;
			children = (
				4202E5471B52724600F48997 /* ImplementQueueUsingStacks */,
				4202E5461B52724600F48997 /* Products */,
			);
			sourceTree = "<group>";
		};
		4202E5461B52724600F48997 /* Products */ = {
			isa = PBXGroup;
			children = (
				4202E5451B52724600F48997 /* ImplementQueueUsingStacks */,
			);
			name = Products;
			sourceTree = "<group>";
		};
		4202E5471B52724600F48997 /* ImplementQueueUsingStacks */ = {
			isa = PBXGroup;
			children = (
				4202E5481B52724600F48997 /* main.cpp */,
				4202E54F1B52725C00F48997 /* TheQueue.h */,
			);
			path = ImplementQueueUsingStacks;
			sourceTree = "<group>";
		};
/* End PBXGroup section */

/* Begin PBXNativeTarget section */
		4202E5441B52724600F48997 /* ImplementQueueUsingStacks */ = {
			isa = PBXNativeTarget;
			buildConfigurationList = 4202E54C1B52724600F48997 /* Build configuration list for PBXNativeTarget "ImplementQueueUsingStacks" */;
			buildPhases = (
				4202E5411B52724600F48997 /* Sources */,
				4202E5421B52724600F48997 /* Frameworks */,
				4202E5431B52724600F48997 /* CopyFiles */,
			);
			buildRules = (
			);
			dependencies = (
			);
			name = ImplementQueueUsingStacks;
			productName = ImplementQueueUsingStacks;
			productReference = 4202E5451B52724600F48997 /* ImplementQueueUsingStacks */;
			productType = "com.apple.product-type.tool";
		};
/* End PBXNativeTarget section */

/* Begin PBXProject section */
		4202E53D1B52724600F48997 /* Project object */ = {
			isa = PBXProject;
			attributes = {
				LastUpgradeCheck = 0630;
				ORGANIZATIONNAME = Fire;
				TargetAttributes = {
					4202E5441B52724600F48997 = {
						CreatedOnToolsVersion = 6.3;
					};
				};
			};
			buildConfigurationList = 4202E5401B52724600F48997 /* Build configuration list for PBXProject "ImplementQueueUsingStacks" */;
			compatibilityVersion = "Xcode 3.2";
			developmentRegion = English;
			hasScannedForEncodings = 0;
			knownRegions = (
				en,
			);
			mainGroup = 4202E53C1B52724600F48997;
			productRefGroup = 4202E5461B52724600F48997 /* Products */;
			projectDirPath = "";
			projectRoot = "";
			targets = (
				4202E5441B52724600F48997 /* ImplementQueueUsingStacks */,
			);
		};
/* End PBXProject section */

/* Begin PBXSourcesBuildPhase section */
		4202E5411B52724600F48997 /* Sources */ = {
			isa = PBXSourcesBuildPhase;
			buildActionMask = 2147483647;
			files = (
				4202E5491B52724600F48997 /* main.cpp in Sources */,
			);
			runOnlyForDeploymentPostprocessing = 0;
		};
/* End PBXSourcesBuildPhase section */

/* Begin XCBuildConfiguration section */
		4202E54A1B52724600F48997 /* Debug */ = {
			isa = XCBuildConfiguration;
			buildSettings = {
				ALWAYS_SEARCH_USER_PATHS = NO;
				CLANG_CXX_LANGUAGE_STANDARD = "gnu++0x";
				CLANG_CXX_LIBRARY = "libc++";
				CLANG_ENABLE_MODULES = YES;
				CLANG_ENABLE_OBJC_ARC = YES;
				CLANG_WARN_BOOL_CONVERSION = YES;
				CLANG_WARN_CONSTANT_CONVERSION = YES;
				CLANG_WARN_DIRECT_OBJC_ISA_USAGE = YES_ERROR;
				CLANG_WARN_EMPTY_BODY = YES;
				CLANG_WARN_ENUM_CONVERSION = YES;
				CLANG_WARN_INT_CONVERSION = YES;
				CLANG_WARN_OBJC_ROOT_CLASS = YES_ERROR;
				CLANG_WARN_UNREACHABLE_CODE = YES;
				CLANG_WARN__DUPLICATE_METHOD_MATCH = YES;
				COPY_PHASE_STRIP = NO;
				DEBUG_INFORMATION_FORMAT = dwarf;
				ENABLE_STRICT_OBJC_MSGSEND = YES;
				GCC_C_LANGUAGE_STANDARD = gnu99;
				GCC_DYNAMIC_NO_PIC = NO;
				GCC_NO_COMMON_BLOCKS = YES;
				GCC_OPTIMIZATION_LEVEL = 0;
				GCC_PREPROCESSOR_DEFINITIONS = (
					"DEBUG=1",
					"$(inherited)",
				);
				GCC_SYMBOLS_PRIVATE_EXTERN = NO;
				GCC_WARN_64_TO_32_BIT_CONVERSION = YES;
				GCC_WARN_ABOUT_RETURN_TYPE = YES_ERROR;
				GCC_WARN_UNDECLARED_SELECTOR = YES;
				GCC_WARN_UNINITIALIZED_AUTOS = YES_AGGRESSIVE;
				GCC_WARN_UNUSED_FUNCTION = YES;
				GCC_WARN_UNUSED_VARIABLE = YES;
				MACOSX_DEPLOYMENT_TARGET = 10.10;
				MTL_ENABLE_DEBUG_INFO = YES;
				ONLY_ACTIVE_ARCH = YES;
				SDKROOT = macosx;
			};
			name = Debug;
		};
		4202E54B1B52724600F48997 /* Release */ = {
			isa = XCBuildConfiguration;
			buildSettings = {
				ALWAYS_SEARCH_USER_PATHS = NO;
				CLANG_CXX_LANGUAGE_STANDARD = "gnu++0x";
				CLANG_CXX_LIBRARY = "libc++";
				CLANG_ENABLE_MODULES = YES;
				CLANG_ENABLE_OBJC_ARC = YES;
				CLANG_WARN_BOOL_CONVERSION = YES;
				CLANG_WARN_CONSTANT_CONVERSION = YES;
				CLANG_WARN_DIRECT_OBJC_ISA_USAGE = YES_ERROR;
				CLANG_WARN_EMPTY_BODY = YES;
				CLANG_WARN_ENUM_CONVERSION = YES;
				CLANG_WARN_INT_CONVERSION = YES;
				CLANG_WARN_OBJC_ROOT_CLASS = YES_ERROR;
				CLANG_WARN_UNREACHABLE_CODE = YES;
				CLANG_WARN__DUPLICATE_METHOD_MATCH = YES;
				COPY_PHASE_STRIP = NO;
				DEBUG_INFORMATION_FORMAT = "dwarf-with-dsym";
				ENABLE_NS_ASSERTIONS = NO;
				ENABLE_STRICT_OBJC_MSGSEND = YES;
				GCC_C_LANGUAGE_STANDARD = gnu99;
				GCC_NO_COMMON_BLOCKS = YES;
				GCC_WARN_64_TO_32_BIT_CONVERSION = YES;
				GCC_WARN_ABOUT_RETURN_TYPE = YES_ERROR;
				GCC_WARN_UNDECLARED_SELECTOR = YES;
				GCC_WARN_UNINITIALIZED_AUTOS = YES_AGGRESSIVE;
				GCC_WARN_UNUSED_FUNCTION = YES;
				GCC_WARN_UNUSED_VARIABLE = YES;
				MACOSX_DEPLOYMENT_TARGET = 10.10;
				MTL_ENABLE_DEBUG_INFO = NO;
				SDKROOT = macosx;
			};
			name = Release;
		};
		4202E54D1B52724600F48997 /* Debug */ = {
			isa = XCBuildConfiguration;
			buildSettings = {
				PRODUCT_NAME = "$(TARGET_NAME)";
			};
			name = Debug;
		};
		4202E54E1B52724600F48997 /* Release */ = {
			isa = XCBuildConfiguration;
			buildSettings = {
				PRODUCT_NAME = "$(TARGET_NAME)";
			};
			name = Release;
		};
/* End XCBuildConfiguration section */

/* Begin XCConfigurationList section */
		4202E5401B52724600F48997 /* Build configuration list for PBXProject "ImplementQueueUsingStacks" */ = {
			isa = XCConfigurationList;
			buildConfigurations = (
				4202E54A1B52724600F48997 /* Debug */,
				4202E54B1B52724600F48997 /* Release */,
			);
			defaultConfigurationIsVisible = 0;
			defaultConfigurationName = Release;
		};
		4202E54C1B52724600F48997 /* Build configuration list for PBXNativeTarget "ImplementQueueUsingStacks" */ = {
			isa = XCConfigurationList;
			buildConfigurations = (
				4202E54D1B52724600F48997 /* Debug */,
				4202E54E1B52724600F48997 /* Release */,
			);
			defaultConfigurationIsVisible = 0;
		};
/* End XCConfigurationList section */
	};
	rootObject = 4202E53D1B52724600F48997 /* Project object */;
}
