// !$*UTF8*$!
{
	archiveVersion = 1;
	classes = {
	};
	objectVersion = 46;
	objects = {

/* Begin PBXBuildFile section */
		42749B511B54E03E00BC9D3E /* main.cpp in Sources */ = {isa = PBXBuildFile; fileRef = 42749B501B54E03E00BC9D3E /* main.cpp */; };
/* End PBXBuildFile section */

/* Begin PBXCopyFilesBuildPhase section */
		42749B4B1B54E03E00BC9D3E /* CopyFiles */ = {
			isa = PBXCopyFilesBuildPhase;
			buildActionMask = 2147483647;
			dstPath = /usr/share/man/man1/;
			dstSubfolderSpec = 0;
			files = (
			);
			runOnlyForDeploymentPostprocessing = 1;
		};
/* End PBXCopyFilesBuildPhase section */

/* Begin PBXFileReference section */
		42749B4D1B54E03E00BC9D3E /* EvalRPN */ = {isa = PBXFileReference; explicitFileType = "compiled.mach-o.executable"; includeInIndex = 0; path = EvalRPN; sourceTree = BUILT_PRODUCTS_DIR; };
		42749B501B54E03E00BC9D3E /* main.cpp */ = {isa = PBXFileReference; lastKnownFileType = sourcecode.cpp.cpp; path = main.cpp; sourceTree = "<group>"; };
		42749B571B54E05500BC9D3E /* EvalRPN.h */ = {isa = PBXFileReference; lastKnownFileType = sourcecode.c.h; path = EvalRPN.h; sourceTree = "<group>"; };
/* End PBXFileReference section */

/* Begin PBXFrameworksBuildPhase section */
		42749B4A1B54E03E00BC9D3E /* Frameworks */ = {
			isa = PBXFrameworksBuildPhase;
			buildActionMask = 2147483647;
			files = (
			);
			runOnlyForDeploymentPostprocessing = 0;
		};
/* End PBXFrameworksBuildPhase section */

/* Begin PBXGroup section */
		42749B441B54E03E00BC9D3E = {
			isa = PBXGroup;
			children = (
				42749B4F1B54E03E00BC9D3E /* EvalRPN */,
				42749B4E1B54E03E00BC9D3E /* Products */,
			);
			sourceTree = "<group>";
		};
		42749B4E1B54E03E00BC9D3E /* Products */ = {
			isa = PBXGroup;
			children = (
				42749B4D1B54E03E00BC9D3E /* EvalRPN */,
			);
			name = Products;
			sourceTree = "<group>";
		};
		42749B4F1B54E03E00BC9D3E /* EvalRPN */ = {
			isa = PBXGroup;
			children = (
				42749B501B54E03E00BC9D3E /* main.cpp */,
				42749B571B54E05500BC9D3E /* EvalRPN.h */,
			);
			path = EvalRPN;
			sourceTree = "<group>";
		};
/* End PBXGroup section */

/* Begin PBXNativeTarget section */
		42749B4C1B54E03E00BC9D3E /* EvalRPN */ = {
			isa = PBXNativeTarget;
			buildConfigurationList = 42749B541B54E03E00BC9D3E /* Build configuration list for PBXNativeTarget "EvalRPN" */;
			buildPhases = (
				42749B491B54E03E00BC9D3E /* Sources */,
				42749B4A1B54E03E00BC9D3E /* Frameworks */,
				42749B4B1B54E03E00BC9D3E /* CopyFiles */,
			);
			buildRules = (
			);
			dependencies = (
			);
			name = EvalRPN;
			productName = EvalRPN;
			productReference = 42749B4D1B54E03E00BC9D3E /* EvalRPN */;
			productType = "com.apple.product-type.tool";
		};
/* End PBXNativeTarget section */

/* Begin PBXProject section */
		42749B451B54E03E00BC9D3E /* Project object */ = {
			isa = PBXProject;
			attributes = {
				LastUpgradeCheck = 0630;
				ORGANIZATIONNAME = Fire;
				TargetAttributes = {
					42749B4C1B54E03E00BC9D3E = {
						CreatedOnToolsVersion = 6.3;
					};
				};
			};
			buildConfigurationList = 42749B481B54E03E00BC9D3E /* Build configuration list for PBXProject "EvalRPN" */;
			compatibilityVersion = "Xcode 3.2";
			developmentRegion = English;
			hasScannedForEncodings = 0;
			knownRegions = (
				en,
			);
			mainGroup = 42749B441B54E03E00BC9D3E;
			productRefGroup = 42749B4E1B54E03E00BC9D3E /* Products */;
			projectDirPath = "";
			projectRoot = "";
			targets = (
				42749B4C1B54E03E00BC9D3E /* EvalRPN */,
			);
		};
/* End PBXProject section */

/* Begin PBXSourcesBuildPhase section */
		42749B491B54E03E00BC9D3E /* Sources */ = {
			isa = PBXSourcesBuildPhase;
			buildActionMask = 2147483647;
			files = (
				42749B511B54E03E00BC9D3E /* main.cpp in Sources */,
			);
			runOnlyForDeploymentPostprocessing = 0;
		};
/* End PBXSourcesBuildPhase section */

/* Begin XCBuildConfiguration section */
		42749B521B54E03E00BC9D3E /* Debug */ = {
			isa = XCBuildConfiguration;
			buildSettings = {
				ALWAYS_SEARCH_USER_PATHS = NO;
				CLANG_CXX_LANGUAGE_STANDARD = "gnu++0x";
				CLANG_CXX_LIBRARY = "libc++";
				CLANG_ENABLE_MODULES = YES;
				CLANG_ENABLE_OBJC_ARC = YES;
				CLANG_WARN_BOOL_CONVERSION = YES;
				CLANG_WARN_CONSTANT_CONVERSION = YES;
				CLANG_WARN_DIRECT_OBJC_ISA_USAGE = YES_ERROR;
				CLANG_WARN_EMPTY_BODY = YES;
				CLANG_WARN_ENUM_CONVERSION = YES;
				CLANG_WARN_INT_CONVERSION = YES;
				CLANG_WARN_OBJC_ROOT_CLASS = YES_ERROR;
				CLANG_WARN_UNREACHABLE_CODE = YES;
				CLANG_WARN__DUPLICATE_METHOD_MATCH = YES;
				COPY_PHASE_STRIP = NO;
				DEBUG_INFORMATION_FORMAT = dwarf;
				ENABLE_STRICT_OBJC_MSGSEND = YES;
				GCC_C_LANGUAGE_STANDARD = gnu99;
				GCC_DYNAMIC_NO_PIC = NO;
				GCC_NO_COMMON_BLOCKS = YES;
				GCC_OPTIMIZATION_LEVEL = 0;
				GCC_PREPROCESSOR_DEFINITIONS = (
					"DEBUG=1",
					"$(inherited)",
				);
				GCC_SYMBOLS_PRIVATE_EXTERN = NO;
				GCC_WARN_64_TO_32_BIT_CONVERSION = YES;
				GCC_WARN_ABOUT_RETURN_TYPE = YES_ERROR;
				GCC_WARN_UNDECLARED_SELECTOR = YES;
				GCC_WARN_UNINITIALIZED_AUTOS = YES_AGGRESSIVE;
				GCC_WARN_UNUSED_FUNCTION = YES;
				GCC_WARN_UNUSED_VARIABLE = YES;
				MACOSX_DEPLOYMENT_TARGET = 10.10;
				MTL_ENABLE_DEBUG_INFO = YES;
				ONLY_ACTIVE_ARCH = YES;
				SDKROOT = macosx;
			};
			name = Debug;
		};
		42749B531B54E03E00BC9D3E /* Release */ = {
			isa = XCBuildConfiguration;
			buildSettings = {
				ALWAYS_SEARCH_USER_PATHS = NO;
				CLANG_CXX_LANGUAGE_STANDARD = "gnu++0x";
				CLANG_CXX_LIBRARY = "libc++";
				CLANG_ENABLE_MODULES = YES;
				CLANG_ENABLE_OBJC_ARC = YES;
				CLANG_WARN_BOOL_CONVERSION = YES;
				CLANG_WARN_CONSTANT_CONVERSION = YES;
				CLANG_WARN_DIRECT_OBJC_ISA_USAGE = YES_ERROR;
				CLANG_WARN_EMPTY_BODY = YES;
				CLANG_WARN_ENUM_CONVERSION = YES;
				CLANG_WARN_INT_CONVERSION = YES;
				CLANG_WARN_OBJC_ROOT_CLASS = YES_ERROR;
				CLANG_WARN_UNREACHABLE_CODE = YES;
				CLANG_WARN__DUPLICATE_METHOD_MATCH = YES;
				COPY_PHASE_STRIP = NO;
				DEBUG_INFORMATION_FORMAT = "dwarf-with-dsym";
				ENABLE_NS_ASSERTIONS = NO;
				ENABLE_STRICT_OBJC_MSGSEND = YES;
				GCC_C_LANGUAGE_STANDARD = gnu99;
				GCC_NO_COMMON_BLOCKS = YES;
				GCC_WARN_64_TO_32_BIT_CONVERSION = YES;
				GCC_WARN_ABOUT_RETURN_TYPE = YES_ERROR;
				GCC_WARN_UNDECLARED_SELECTOR = YES;
				GCC_WARN_UNINITIALIZED_AUTOS = YES_AGGRESSIVE;
				GCC_WARN_UNUSED_FUNCTION = YES;
				GCC_WARN_UNUSED_VARIABLE = YES;
				MACOSX_DEPLOYMENT_TARGET = 10.10;
				MTL_ENABLE_DEBUG_INFO = NO;
				SDKROOT = macosx;
			};
			name = Release;
		};
		42749B551B54E03E00BC9D3E /* Debug */ = {
			isa = XCBuildConfiguration;
			buildSettings = {
				PRODUCT_NAME = "$(TARGET_NAME)";
			};
			name = Debug;
		};
		42749B561B54E03E00BC9D3E /* Release */ = {
			isa = XCBuildConfiguration;
			buildSettings = {
				PRODUCT_NAME = "$(TARGET_NAME)";
			};
			name = Release;
		};
/* End XCBuildConfiguration section */

/* Begin XCConfigurationList section */
		42749B481B54E03E00BC9D3E /* Build configuration list for PBXProject "EvalRPN" */ = {
			isa = XCConfigurationList;
			buildConfigurations = (
				42749B521B54E03E00BC9D3E /* Debug */,
				42749B531B54E03E00BC9D3E /* Release */,
			);
			defaultConfigurationIsVisible = 0;
			defaultConfigurationName = Release;
		};
		42749B541B54E03E00BC9D3E /* Build configuration list for PBXNativeTarget "EvalRPN" */ = {
			isa = XCConfigurationList;
			buildConfigurations = (
				42749B551B54E03E00BC9D3E /* Debug */,
				42749B561B54E03E00BC9D3E /* Release */,
			);
			defaultConfigurationIsVisible = 0;
		};
/* End XCConfigurationList section */
	};
	rootObject = 42749B451B54E03E00BC9D3E /* Project object */;
}
